// !$*UTF8*$!
{
	archiveVersion = 1;
	classes = {
	};
	objectVersion = 46;
	objects = {

/* Begin PBXBuildFile section */
		806B57841E98056C002D1FAA /* main.c in Sources */ = {isa = PBXBuildFile; fileRef = 806B57831E98056C002D1FAA /* main.c */; settings = {COMPILER_FLAGS = "-pthread"; }; };
		806B578D1E981061002D1FAA /* connection.c in Sources */ = {isa = PBXBuildFile; fileRef = 806B578B1E981061002D1FAA /* connection.c */; settings = {COMPILER_FLAGS = "-pthread"; }; };
		806B57971E985BA9002D1FAA /* httprequest.c in Sources */ = {isa = PBXBuildFile; fileRef = 806B57951E985BA9002D1FAA /* httprequest.c */; settings = {COMPILER_FLAGS = "-pthread"; }; };
		806B57991E9867B8002D1FAA /* ThreadPool.c in Sources */ = {isa = PBXBuildFile; fileRef = 806B57981E9867B8002D1FAA /* ThreadPool.c */; settings = {COMPILER_FLAGS = "-pthread"; }; };
/* End PBXBuildFile section */

/* Begin PBXCopyFilesBuildPhase section */
		806B577E1E98056C002D1FAA /* CopyFiles */ = {
			isa = PBXCopyFilesBuildPhase;
			buildActionMask = 2147483647;
			dstPath = /usr/share/man/man1/;
			dstSubfolderSpec = 0;
			files = (
			);
			runOnlyForDeploymentPostprocessing = 1;
		};
/* End PBXCopyFilesBuildPhase section */

/* Begin PBXFileReference section */
		805954101E9D2FB50059DBB5 /* www */ = {isa = PBXFileReference; lastKnownFileType = folder; path = www; sourceTree = "<group>"; };
		806B57801E98056C002D1FAA /* Kaloonda */ = {isa = PBXFileReference; explicitFileType = "compiled.mach-o.executable"; includeInIndex = 0; path = Kaloonda; sourceTree = BUILT_PRODUCTS_DIR; };
		806B57831E98056C002D1FAA /* main.c */ = {isa = PBXFileReference; lastKnownFileType = sourcecode.c.c; path = main.c; sourceTree = "<group>"; };
		806B578A1E980B67002D1FAA /* main.h */ = {isa = PBXFileReference; fileEncoding = 4; lastKnownFileType = sourcecode.c.h; path = main.h; sourceTree = "<group>"; };
		806B578B1E981061002D1FAA /* connection.c */ = {isa = PBXFileReference; fileEncoding = 4; lastKnownFileType = sourcecode.c.c; path = connection.c; sourceTree = "<group>"; };
		806B578C1E981061002D1FAA /* connection.h */ = {isa = PBXFileReference; fileEncoding = 4; lastKnownFileType = sourcecode.c.h; path = connection.h; sourceTree = "<group>"; };
		806B57911E98240E002D1FAA /* signals.h */ = {isa = PBXFileReference; lastKnownFileType = sourcecode.c.h; path = signals.h; sourceTree = "<group>"; };
		806B57931E98243B002D1FAA /* ThreadPool.h */ = {isa = PBXFileReference; fileEncoding = 4; lastKnownFileType = sourcecode.c.h; path = ThreadPool.h; sourceTree = "<group>"; };
		806B57951E985BA9002D1FAA /* httprequest.c */ = {isa = PBXFileReference; fileEncoding = 4; lastKnownFileType = sourcecode.c.c; path = httprequest.c; sourceTree = "<group>"; };
		806B57961E985BA9002D1FAA /* httprequest.h */ = {isa = PBXFileReference; fileEncoding = 4; lastKnownFileType = sourcecode.c.h; path = httprequest.h; sourceTree = "<group>"; };
		806B57981E9867B8002D1FAA /* ThreadPool.c */ = {isa = PBXFileReference; fileEncoding = 4; lastKnownFileType = sourcecode.c.c; path = ThreadPool.c; sourceTree = "<group>"; };
/* End PBXFileReference section */

/* Begin PBXFrameworksBuildPhase section */
		806B577D1E98056C002D1FAA /* Frameworks */ = {
			isa = PBXFrameworksBuildPhase;
			buildActionMask = 2147483647;
			files = (
			);
			runOnlyForDeploymentPostprocessing = 0;
		};
/* End PBXFrameworksBuildPhase section */

/* Begin PBXGroup section */
		806B57771E98056C002D1FAA = {
			isa = PBXGroup;
			children = (
				805954101E9D2FB50059DBB5 /* www */,
				806B57821E98056C002D1FAA /* Kaloonda */,
				806B57811E98056C002D1FAA /* Products */,
			);
			sourceTree = "<group>";
		};
		806B57811E98056C002D1FAA /* Products */ = {
			isa = PBXGroup;
			children = (
				806B57801E98056C002D1FAA /* Kaloonda */,
			);
			name = Products;
			sourceTree = "<group>";
		};
		806B57821E98056C002D1FAA /* Kaloonda */ = {
			isa = PBXGroup;
			children = (
				806B57981E9867B8002D1FAA /* ThreadPool.c */,
				806B57931E98243B002D1FAA /* ThreadPool.h */,
				806B578A1E980B67002D1FAA /* main.h */,
				806B57831E98056C002D1FAA /* main.c */,
				806B578B1E981061002D1FAA /* connection.c */,
				806B578C1E981061002D1FAA /* connection.h */,
				806B57911E98240E002D1FAA /* signals.h */,
				806B57951E985BA9002D1FAA /* httprequest.c */,
				806B57961E985BA9002D1FAA /* httprequest.h */,
			);
			path = Kaloonda;
			sourceTree = "<group>";
		};
/* End PBXGroup section */

/* Begin PBXNativeTarget section */
		806B577F1E98056C002D1FAA /* Kaloonda */ = {
			isa = PBXNativeTarget;
			buildConfigurationList = 806B57871E98056C002D1FAA /* Build configuration list for PBXNativeTarget "Kaloonda" */;
			buildPhases = (
				806B577C1E98056C002D1FAA /* Sources */,
				806B577D1E98056C002D1FAA /* Frameworks */,
				806B577E1E98056C002D1FAA /* CopyFiles */,
			);
			buildRules = (
			);
			dependencies = (
			);
			name = Kaloonda;
			productName = Kaloonda;
			productReference = 806B57801E98056C002D1FAA /* Kaloonda */;
			productType = "com.apple.product-type.tool";
		};
/* End PBXNativeTarget section */

/* Begin PBXProject section */
		806B57781E98056C002D1FAA /* Project object */ = {
			isa = PBXProject;
			attributes = {
				LastUpgradeCheck = 0820;
				ORGANIZATIONNAME = "Yiannis Demetriades - Panayiotis Nicolaou";
				TargetAttributes = {
					806B577F1E98056C002D1FAA = {
						CreatedOnToolsVersion = 8.2.1;
						ProvisioningStyle = Automatic;
					};
				};
			};
			buildConfigurationList = 806B577B1E98056C002D1FAA /* Build configuration list for PBXProject "Kaloonda" */;
			compatibilityVersion = "Xcode 3.2";
			developmentRegion = English;
			hasScannedForEncodings = 0;
			knownRegions = (
				en,
			);
			mainGroup = 806B57771E98056C002D1FAA;
			productRefGroup = 806B57811E98056C002D1FAA /* Products */;
			projectDirPath = "";
			projectRoot = "";
			targets = (
				806B577F1E98056C002D1FAA /* Kaloonda */,
			);
		};
/* End PBXProject section */

/* Begin PBXSourcesBuildPhase section */
		806B577C1E98056C002D1FAA /* Sources */ = {
			isa = PBXSourcesBuildPhase;
			buildActionMask = 2147483647;
			files = (
				806B57841E98056C002D1FAA /* main.c in Sources */,
				806B578D1E981061002D1FAA /* connection.c in Sources */,
				806B57971E985BA9002D1FAA /* httprequest.c in Sources */,
				806B57991E9867B8002D1FAA /* ThreadPool.c in Sources */,
			);
			runOnlyForDeploymentPostprocessing = 0;
		};
/* End PBXSourcesBuildPhase section */

/* Begin XCBuildConfiguration section */
		806B57851E98056C002D1FAA /* Debug */ = {
			isa = XCBuildConfiguration;
			buildSettings = {
				ALWAYS_SEARCH_USER_PATHS = NO;
				CLANG_ANALYZER_NONNULL = YES;
				CLANG_CXX_LANGUAGE_STANDARD = "gnu++0x";
				CLANG_CXX_LIBRARY = "libc++";
				CLANG_ENABLE_MODULES = YES;
				CLANG_ENABLE_OBJC_ARC = YES;
				CLANG_WARN_BOOL_CONVERSION = YES;
				CLANG_WARN_CONSTANT_CONVERSION = YES;
				CLANG_WARN_DIRECT_OBJC_ISA_USAGE = YES_ERROR;
				CLANG_WARN_DOCUMENTATION_COMMENTS = YES;
				CLANG_WARN_EMPTY_BODY = YES;
				CLANG_WARN_ENUM_CONVERSION = YES;
				CLANG_WARN_INFINITE_RECURSION = YES;
				CLANG_WARN_INT_CONVERSION = YES;
				CLANG_WARN_OBJC_ROOT_CLASS = YES_ERROR;
				CLANG_WARN_SUSPICIOUS_MOVE = YES;
				CLANG_WARN_UNREACHABLE_CODE = YES;
				CLANG_WARN__DUPLICATE_METHOD_MATCH = YES;
				CODE_SIGN_IDENTITY = "-";
				COPY_PHASE_STRIP = NO;
				DEBUG_INFORMATION_FORMAT = dwarf;
				ENABLE_STRICT_OBJC_MSGSEND = YES;
				ENABLE_TESTABILITY = YES;
				GCC_C_LANGUAGE_STANDARD = gnu99;
				GCC_DYNAMIC_NO_PIC = NO;
				GCC_NO_COMMON_BLOCKS = YES;
				GCC_OPTIMIZATION_LEVEL = 0;
				GCC_PREPROCESSOR_DEFINITIONS = (
					"DEBUG=1",
					"$(inherited)",
				);
				GCC_WARN_64_TO_32_BIT_CONVERSION = YES;
				GCC_WARN_ABOUT_RETURN_TYPE = YES_ERROR;
				GCC_WARN_UNDECLARED_SELECTOR = YES;
				GCC_WARN_UNINITIALIZED_AUTOS = YES_AGGRESSIVE;
				GCC_WARN_UNUSED_FUNCTION = YES;
				GCC_WARN_UNUSED_VARIABLE = YES;
				MACOSX_DEPLOYMENT_TARGET = 10.11;
				MTL_ENABLE_DEBUG_INFO = YES;
				ONLY_ACTIVE_ARCH = YES;
				SDKROOT = macosx;
			};
			name = Debug;
		};
		806B57861E98056C002D1FAA /* Release */ = {
			isa = XCBuildConfiguration;
			buildSettings = {
				ALWAYS_SEARCH_USER_PATHS = NO;
				CLANG_ANALYZER_NONNULL = YES;
				CLANG_CXX_LANGUAGE_STANDARD = "gnu++0x";
				CLANG_CXX_LIBRARY = "libc++";
				CLANG_ENABLE_MODULES = YES;
				CLANG_ENABLE_OBJC_ARC = YES;
				CLANG_WARN_BOOL_CONVERSION = YES;
				CLANG_WARN_CONSTANT_CONVERSION = YES;
				CLANG_WARN_DIRECT_OBJC_ISA_USAGE = YES_ERROR;
				CLANG_WARN_DOCUMENTATION_COMMENTS = YES;
				CLANG_WARN_EMPTY_BODY = YES;
				CLANG_WARN_ENUM_CONVERSION = YES;
				CLANG_WARN_INFINITE_RECURSION = YES;
				CLANG_WARN_INT_CONVERSION = YES;
				CLANG_WARN_OBJC_ROOT_CLASS = YES_ERROR;
				CLANG_WARN_SUSPICIOUS_MOVE = YES;
				CLANG_WARN_UNREACHABLE_CODE = YES;
				CLANG_WARN__DUPLICATE_METHOD_MATCH = YES;
				CODE_SIGN_IDENTITY = "-";
				COPY_PHASE_STRIP = NO;
				DEBUG_INFORMATION_FORMAT = "dwarf-with-dsym";
				ENABLE_NS_ASSERTIONS = NO;
				ENABLE_STRICT_OBJC_MSGSEND = YES;
				GCC_C_LANGUAGE_STANDARD = gnu99;
				GCC_NO_COMMON_BLOCKS = YES;
				GCC_WARN_64_TO_32_BIT_CONVERSION = YES;
				GCC_WARN_ABOUT_RETURN_TYPE = YES_ERROR;
				GCC_WARN_UNDECLARED_SELECTOR = YES;
				GCC_WARN_UNINITIALIZED_AUTOS = YES_AGGRESSIVE;
				GCC_WARN_UNUSED_FUNCTION = YES;
				GCC_WARN_UNUSED_VARIABLE = YES;
				MACOSX_DEPLOYMENT_TARGET = 10.11;
				MTL_ENABLE_DEBUG_INFO = NO;
				SDKROOT = macosx;
			};
			name = Release;
		};
		806B57881E98056C002D1FAA /* Debug */ = {
			isa = XCBuildConfiguration;
			buildSettings = {
				GCC_VERSION = "";
				PRODUCT_NAME = "$(TARGET_NAME)";
			};
			name = Debug;
		};
		806B57891E98056C002D1FAA /* Release */ = {
			isa = XCBuildConfiguration;
			buildSettings = {
				GCC_VERSION = "";
				PRODUCT_NAME = "$(TARGET_NAME)";
			};
			name = Release;
		};
/* End XCBuildConfiguration section */

/* Begin XCConfigurationList section */
		806B577B1E98056C002D1FAA /* Build configuration list for PBXProject "Kaloonda" */ = {
			isa = XCConfigurationList;
			buildConfigurations = (
				806B57851E98056C002D1FAA /* Debug */,
				806B57861E98056C002D1FAA /* Release */,
			);
			defaultConfigurationIsVisible = 0;
			defaultConfigurationName = Release;
		};
		806B57871E98056C002D1FAA /* Build configuration list for PBXNativeTarget "Kaloonda" */ = {
			isa = XCConfigurationList;
			buildConfigurations = (
				806B57881E98056C002D1FAA /* Debug */,
				806B57891E98056C002D1FAA /* Release */,
			);
			defaultConfigurationIsVisible = 0;
			defaultConfigurationName = Release;
		};
/* End XCConfigurationList section */
	};
	rootObject = 806B57781E98056C002D1FAA /* Project object */;
}
